
Microsoft Visual Studio Solution File, Format Version 12.00
# Visual Studio 15
VisualStudioVersion = 15.0.28307.705
MinimumVisualStudioVersion = 10.0.40219.1
Project("{FAE04EC0-301F-11D3-BF4B-00C04F79EFBC}") = "Silo", "Silo\Silo.csproj", "{C0E129AD-B1D6-4942-A8A1-0DECF2B31A94}"
EndProject
Project("{FAE04EC0-301F-11D3-BF4B-00C04F79EFBC}") = "Client", "Client\Client.csproj", "{CBB7A5D3-7748-4156-9EDC-908654900E31}"
EndProject
Project("{FAE04EC0-301F-11D3-BF4B-00C04F79EFBC}") = "WebAPI", "WebAPI\WebAPI.csproj", "{840FBDB3-BB47-4BE9-9846-BE0FD4A9A459}"
EndProject
Project("{FAE04EC0-301F-11D3-BF4B-00C04F79EFBC}") = "GrainInterfaces", "GrainInterfaces\GrainInterfaces.csproj", "{76DE4D50-F66F-476B-8829-77808203F68E}"
EndProject
Project("{FAE04EC0-301F-11D3-BF4B-00C04F79EFBC}") = "GrainCollection", "GrainCollection\GrainCollection.csproj", "{7E7ECFE1-6A54-4B42-AE5D-2AD1FCA7C687}"
EndProject
Global
	GlobalSection(SolutionConfigurationPlatforms) = preSolution
		Debug|Any CPU = Debug|Any CPU
		Release|Any CPU = Release|Any CPU
	EndGlobalSection
	GlobalSection(ProjectConfigurationPlatforms) = postSolution
		{C0E129AD-B1D6-4942-A8A1-0DECF2B31A94}.Debug|Any CPU.ActiveCfg = Debug|Any CPU
		{C0E129AD-B1D6-4942-A8A1-0DECF2B31A94}.Debug|Any CPU.Build.0 = Debug|Any CPU
		{C0E129AD-B1D6-4942-A8A1-0DECF2B31A94}.Release|Any CPU.ActiveCfg = Release|Any CPU
		{C0E129AD-B1D6-4942-A8A1-0DECF2B31A94}.Release|Any CPU.Build.0 = Release|Any CPU
		{CBB7A5D3-7748-4156-9EDC-908654900E31}.Debug|Any CPU.ActiveCfg = Debug|Any CPU
		{CBB7A5D3-7748-4156-9EDC-908654900E31}.Debug|Any CPU.Build.0 = Debug|Any CPU
		{CBB7A5D3-7748-4156-9EDC-908654900E31}.Release|Any CPU.ActiveCfg = Release|Any CPU
		{CBB7A5D3-7748-4156-9EDC-908654900E31}.Release|Any CPU.Build.0 = Release|Any CPU
		{840FBDB3-BB47-4BE9-9846-BE0FD4A9A459}.Debug|Any CPU.ActiveCfg = Debug|Any CPU
		{840FBDB3-BB47-4BE9-9846-BE0FD4A9A459}.Debug|Any CPU.Build.0 = Debug|Any CPU
		{840FBDB3-BB47-4BE9-9846-BE0FD4A9A459}.Release|Any CPU.ActiveCfg = Release|Any CPU
		{840FBDB3-BB47-4BE9-9846-BE0FD4A9A459}.Release|Any CPU.Build.0 = Release|Any CPU
		{76DE4D50-F66F-476B-8829-77808203F68E}.Debug|Any CPU.ActiveCfg = Debug|Any CPU
		{76DE4D50-F66F-476B-8829-77808203F68E}.Debug|Any CPU.Build.0 = Debug|Any CPU
		{76DE4D50-F66F-476B-8829-77808203F68E}.Release|Any CPU.ActiveCfg = Release|Any CPU
		{76DE4D50-F66F-476B-8829-77808203F68E}.Release|Any CPU.Build.0 = Release|Any CPU
		{7E7ECFE1-6A54-4B42-AE5D-2AD1FCA7C687}.Debug|Any CPU.ActiveCfg = Debug|Any CPU
		{7E7ECFE1-6A54-4B42-AE5D-2AD1FCA7C687}.Debug|Any CPU.Build.0 = Debug|Any CPU
		{7E7ECFE1-6A54-4B42-AE5D-2AD1FCA7C687}.Release|Any CPU.ActiveCfg = Release|Any CPU
		{7E7ECFE1-6A54-4B42-AE5D-2AD1FCA7C687}.Release|Any CPU.Build.0 = Release|Any CPU
	EndGlobalSection
	GlobalSection(SolutionProperties) = preSolution
		HideSolutionNode = FALSE
	EndGlobalSection
	GlobalSection(ExtensibilityGlobals) = postSolution
		SolutionGuid = {CF51CB23-6421-44AD-9AA4-A2A540EDBCDF}
	EndGlobalSection
EndGlobal
